
Microsoft Visual Studio Solution File, Format Version 12.00
# Visual Studio 15
VisualStudioVersion = 15.0.27130.2010
MinimumVisualStudioVersion = 10.0.40219.1
Project("{FAE04EC0-301F-11D3-BF4B-00C04F79EFBC}") = "EdicolaManager", "EdicolaManager\EdicolaManager.csproj", "{A2638A01-0632-4BEF-929C-C5F7F91C8628}"
EndProject
Project("{FAE04EC0-301F-11D3-BF4B-00C04F79EFBC}") = "EdicolaManagerTests", "EdicolaManagerTests\EdicolaManagerTests.csproj", "{F97386CD-48CF-4622-A6B1-F71997F7161B}"
EndProject
Project("{FAE04EC0-301F-11D3-BF4B-00C04F79EFBC}") = "EdicolaManagerBL", "EdicolaManagerBL\EdicolaManagerBL.csproj", "{FF1B02FB-9FB8-45C2-9CCA-9D2656B4C294}"
EndProject
Project("{FAE04EC0-301F-11D3-BF4B-00C04F79EFBC}") = "EdicolaMVC", "EdicolaMVC\EdicolaMVC.csproj", "{6F2DEC2D-78A8-4350-9483-CF669C65D395}"
EndProject
Global
	GlobalSection(SolutionConfigurationPlatforms) = preSolution
		Debug|Any CPU = Debug|Any CPU
		Release|Any CPU = Release|Any CPU
	EndGlobalSection
	GlobalSection(ProjectConfigurationPlatforms) = postSolution
		{A2638A01-0632-4BEF-929C-C5F7F91C8628}.Debug|Any CPU.ActiveCfg = Debug|Any CPU
		{A2638A01-0632-4BEF-929C-C5F7F91C8628}.Debug|Any CPU.Build.0 = Debug|Any CPU
		{A2638A01-0632-4BEF-929C-C5F7F91C8628}.Release|Any CPU.ActiveCfg = Release|Any CPU
		{A2638A01-0632-4BEF-929C-C5F7F91C8628}.Release|Any CPU.Build.0 = Release|Any CPU
		{F97386CD-48CF-4622-A6B1-F71997F7161B}.Debug|Any CPU.ActiveCfg = Debug|Any CPU
		{F97386CD-48CF-4622-A6B1-F71997F7161B}.Debug|Any CPU.Build.0 = Debug|Any CPU
		{F97386CD-48CF-4622-A6B1-F71997F7161B}.Release|Any CPU.ActiveCfg = Release|Any CPU
		{F97386CD-48CF-4622-A6B1-F71997F7161B}.Release|Any CPU.Build.0 = Release|Any CPU
		{FF1B02FB-9FB8-45C2-9CCA-9D2656B4C294}.Debug|Any CPU.ActiveCfg = Debug|Any CPU
		{FF1B02FB-9FB8-45C2-9CCA-9D2656B4C294}.Debug|Any CPU.Build.0 = Debug|Any CPU
		{FF1B02FB-9FB8-45C2-9CCA-9D2656B4C294}.Release|Any CPU.ActiveCfg = Release|Any CPU
		{FF1B02FB-9FB8-45C2-9CCA-9D2656B4C294}.Release|Any CPU.Build.0 = Release|Any CPU
		{6F2DEC2D-78A8-4350-9483-CF669C65D395}.Debug|Any CPU.ActiveCfg = Debug|Any CPU
		{6F2DEC2D-78A8-4350-9483-CF669C65D395}.Debug|Any CPU.Build.0 = Debug|Any CPU
		{6F2DEC2D-78A8-4350-9483-CF669C65D395}.Release|Any CPU.ActiveCfg = Release|Any CPU
		{6F2DEC2D-78A8-4350-9483-CF669C65D395}.Release|Any CPU.Build.0 = Release|Any CPU
	EndGlobalSection
	GlobalSection(SolutionProperties) = preSolution
		HideSolutionNode = FALSE
	EndGlobalSection
	GlobalSection(ExtensibilityGlobals) = postSolution
		SolutionGuid = {45BC3DC7-90AC-4264-BA6B-70E981EE8850}
	EndGlobalSection
	GlobalSection(TeamFoundationVersionControl) = preSolution
		SccNumberOfProjects = 5
		SccEnterpriseProvider = {4CA58AB2-18FA-4F8D-95D4-32DDF27D184C}
		SccTeamFoundationServer = https://fenuska.visualstudio.com/
		SccLocalPath0 = .
		SccProjectUniqueName1 = EdicolaManager\\EdicolaManager.csproj
		SccProjectName1 = EdicolaManager
		SccLocalPath1 = EdicolaManager
		SccProjectUniqueName2 = EdicolaManagerTests\\EdicolaManagerTests.csproj
		SccProjectName2 = EdicolaManagerTests
		SccLocalPath2 = EdicolaManagerTests
		SccProjectUniqueName3 = EdicolaManagerBL\\EdicolaManagerBL.csproj
		SccProjectName3 = EdicolaManagerBL
		SccLocalPath3 = EdicolaManagerBL
		SccProjectUniqueName4 = EdicolaMVC\\EdicolaMVC.csproj
		SccProjectName4 = EdicolaMVC
		SccLocalPath4 = EdicolaMVC
	EndGlobalSection
EndGlobal
